
Microsoft Visual Studio Solution File, Format Version 12.00
# Visual Studio Version 17
VisualStudioVersion = 17.10.34607.79
MinimumVisualStudioVersion = 10.0.40219.1
Project("{9A19103F-16F7-4668-BE54-9A1E7A4F7556}") = "Vortex.Framework", "Vortex.Framework\Vortex.Framework.csproj", "{2A8FD48D-E7AB-469E-B5C1-49B0E022F667}"
EndProject
Project("{2150E333-8FDC-42A3-9474-1A3956D46DE8}") = "Framework", "Framework", "{DA4B1BD8-3B25-4A47-9D6A-A7A8166A2E35}"
EndProject
Project("{2150E333-8FDC-42A3-9474-1A3956D46DE8}") = "Bot", "Bot", "{9DCE2B61-C12D-446F-BAC0-174C19A9D553}"
EndProject
Project("{2150E333-8FDC-42A3-9474-1A3956D46DE8}") = "Modules", "Modules", "{62BE5ADE-B9BD-44C4-9448-0E0335484D9D}"
EndProject
Project("{9A19103F-16F7-4668-BE54-9A1E7A4F7556}") = "Vortex.Framework.Abstraction", "Vortex.Framework.Abstraction\Vortex.Framework.Abstraction.csproj", "{63B9457E-BCD8-4609-AD4A-8E43E340F427}"
EndProject
Project("{2150E333-8FDC-42A3-9474-1A3956D46DE8}") = "Solution Items", "Solution Items", "{6D84526F-8FB9-477E-A940-177702768D84}"
	ProjectSection(SolutionItems) = preProject
		.editorconfig = .editorconfig
		ProjectConfiguration.Base.csproj = ProjectConfiguration.Base.csproj
		ProjectConfiguration.Module.csproj = ProjectConfiguration.Module.csproj
	EndProjectSection
EndProject
Project("{9A19103F-16F7-4668-BE54-9A1E7A4F7556}") = "Vortex.Modules.Chat", "Vortex.Modules.Chat\Vortex.Modules.Chat.csproj", "{3C5C81B5-6758-4741-9745-A7E1FBDDDA66}"
EndProject
Project("{9A19103F-16F7-4668-BE54-9A1E7A4F7556}") = "Vortex.Bot", "Vortex.Bot\Vortex.Bot.csproj", "{39F2D647-0A41-4C02-A73F-766C3CB5DC33}"
EndProject
Project("{9A19103F-16F7-4668-BE54-9A1E7A4F7556}") = "Vortex.Modules.Networking", "Vortex.Modules.Networking\Vortex.Modules.Networking.csproj", "{CEB31D51-525F-43B2-8581-3B80DE7F0618}"
EndProject
Project("{9A19103F-16F7-4668-BE54-9A1E7A4F7556}") = "Vortex.Modules.Networking.Abstraction", "Vortex.Modules.Networking.Abstraction\Vortex.Modules.Networking.Abstraction.csproj", "{3B78C358-66C4-4951-9EC1-BFE8D9B51CC1}"
EndProject
Project("{9A19103F-16F7-4668-BE54-9A1E7A4F7556}") = "Vortex.Shared", "Vortex.Shared\Vortex.Shared.csproj", "{34881973-6BDE-4574-8BC5-4CE8B6B6CAB8}"
EndProject
Project("{9A19103F-16F7-4668-BE54-9A1E7A4F7556}") = "Vortex.Modules.Networking.CodeGeneration", "Vortex.Modules.Networking.CodeGeneration\Vortex.Modules.Networking.CodeGeneration.csproj", "{C3EB589F-F03B-487A-9B3A-C8E0FCD5ADA2}"
EndProject
Project("{2150E333-8FDC-42A3-9474-1A3956D46DE8}") = "Chat", "Chat", "{99B8E0F9-A7EA-447E-85DD-A44C27B594E5}"
EndProject
Project("{2150E333-8FDC-42A3-9474-1A3956D46DE8}") = "Networking", "Networking", "{442F3AB4-9294-474D-BCE4-5E6A43603271}"
EndProject
Project("{9A19103F-16F7-4668-BE54-9A1E7A4F7556}") = "Vortex.Modules.Chat.Abstraction", "Vortex.Modules.Chat.Abstraction\Vortex.Modules.Chat.Abstraction.csproj", "{F33042B2-E5B8-4EAD-A3A9-665C66BB1296}"
EndProject
Project("{2150E333-8FDC-42A3-9474-1A3956D46DE8}") = "Player", "Player", "{1491C399-6F2C-4413-A62D-E7D3B851C6E5}"
EndProject
Project("{9A19103F-16F7-4668-BE54-9A1E7A4F7556}") = "Vortex.Modules.Player", "Vortex.Modules.Player\Vortex.Modules.Player.csproj", "{D296B44A-E672-48A8-A146-FAEA0017E0A3}"
EndProject
Project("{9A19103F-16F7-4668-BE54-9A1E7A4F7556}") = "Vortex.Modules.World", "Vortex.Modules.World\Vortex.Modules.World.csproj", "{F9F8BA61-0CCC-4FCB-8ED9-958023839EEF}"
EndProject
Project("{2150E333-8FDC-42A3-9474-1A3956D46DE8}") = "World", "World", "{E7275FE7-4684-4059-A665-9E54BFA9707F}"
EndProject
Project("{2150E333-8FDC-42A3-9474-1A3956D46DE8}") = "Repository Items", "Repository Items", "{FA00085F-D0FC-4DC5-9687-94264D22331C}"
	ProjectSection(SolutionItems) = preProject
		README.md = README.md
	EndProjectSection
EndProject
Project("{FAE04EC0-301F-11D3-BF4B-00C04F79EFBC}") = "Vortex.Modules.World.Abstraction", "Vortex.Modules.World.Abstraction\Vortex.Modules.World.Abstraction.csproj", "{DCAEB969-583A-4040-B29C-A5F954994605}"
EndProject
Global
	GlobalSection(SolutionConfigurationPlatforms) = preSolution
		Debug|Any CPU = Debug|Any CPU
		Release|Any CPU = Release|Any CPU
	EndGlobalSection
	GlobalSection(ProjectConfigurationPlatforms) = postSolution
		{2A8FD48D-E7AB-469E-B5C1-49B0E022F667}.Debug|Any CPU.ActiveCfg = Debug|Any CPU
		{2A8FD48D-E7AB-469E-B5C1-49B0E022F667}.Debug|Any CPU.Build.0 = Debug|Any CPU
		{2A8FD48D-E7AB-469E-B5C1-49B0E022F667}.Release|Any CPU.ActiveCfg = Release|Any CPU
		{2A8FD48D-E7AB-469E-B5C1-49B0E022F667}.Release|Any CPU.Build.0 = Release|Any CPU
		{63B9457E-BCD8-4609-AD4A-8E43E340F427}.Debug|Any CPU.ActiveCfg = Debug|Any CPU
		{63B9457E-BCD8-4609-AD4A-8E43E340F427}.Debug|Any CPU.Build.0 = Debug|Any CPU
		{63B9457E-BCD8-4609-AD4A-8E43E340F427}.Release|Any CPU.ActiveCfg = Release|Any CPU
		{63B9457E-BCD8-4609-AD4A-8E43E340F427}.Release|Any CPU.Build.0 = Release|Any CPU
		{3C5C81B5-6758-4741-9745-A7E1FBDDDA66}.Debug|Any CPU.ActiveCfg = Debug|Any CPU
		{3C5C81B5-6758-4741-9745-A7E1FBDDDA66}.Debug|Any CPU.Build.0 = Debug|Any CPU
		{3C5C81B5-6758-4741-9745-A7E1FBDDDA66}.Release|Any CPU.ActiveCfg = Release|Any CPU
		{3C5C81B5-6758-4741-9745-A7E1FBDDDA66}.Release|Any CPU.Build.0 = Release|Any CPU
		{39F2D647-0A41-4C02-A73F-766C3CB5DC33}.Debug|Any CPU.ActiveCfg = Debug|Any CPU
		{39F2D647-0A41-4C02-A73F-766C3CB5DC33}.Debug|Any CPU.Build.0 = Debug|Any CPU
		{39F2D647-0A41-4C02-A73F-766C3CB5DC33}.Release|Any CPU.ActiveCfg = Release|Any CPU
		{39F2D647-0A41-4C02-A73F-766C3CB5DC33}.Release|Any CPU.Build.0 = Release|Any CPU
		{CEB31D51-525F-43B2-8581-3B80DE7F0618}.Debug|Any CPU.ActiveCfg = Debug|Any CPU
		{CEB31D51-525F-43B2-8581-3B80DE7F0618}.Debug|Any CPU.Build.0 = Debug|Any CPU
		{CEB31D51-525F-43B2-8581-3B80DE7F0618}.Release|Any CPU.ActiveCfg = Release|Any CPU
		{CEB31D51-525F-43B2-8581-3B80DE7F0618}.Release|Any CPU.Build.0 = Release|Any CPU
		{3B78C358-66C4-4951-9EC1-BFE8D9B51CC1}.Debug|Any CPU.ActiveCfg = Debug|Any CPU
		{3B78C358-66C4-4951-9EC1-BFE8D9B51CC1}.Debug|Any CPU.Build.0 = Debug|Any CPU
		{3B78C358-66C4-4951-9EC1-BFE8D9B51CC1}.Release|Any CPU.ActiveCfg = Release|Any CPU
		{3B78C358-66C4-4951-9EC1-BFE8D9B51CC1}.Release|Any CPU.Build.0 = Release|Any CPU
		{34881973-6BDE-4574-8BC5-4CE8B6B6CAB8}.Debug|Any CPU.ActiveCfg = Debug|Any CPU
		{34881973-6BDE-4574-8BC5-4CE8B6B6CAB8}.Debug|Any CPU.Build.0 = Debug|Any CPU
		{34881973-6BDE-4574-8BC5-4CE8B6B6CAB8}.Release|Any CPU.ActiveCfg = Release|Any CPU
		{34881973-6BDE-4574-8BC5-4CE8B6B6CAB8}.Release|Any CPU.Build.0 = Release|Any CPU
		{C3EB589F-F03B-487A-9B3A-C8E0FCD5ADA2}.Debug|Any CPU.ActiveCfg = Debug|Any CPU
		{C3EB589F-F03B-487A-9B3A-C8E0FCD5ADA2}.Debug|Any CPU.Build.0 = Debug|Any CPU
		{C3EB589F-F03B-487A-9B3A-C8E0FCD5ADA2}.Release|Any CPU.ActiveCfg = Release|Any CPU
		{C3EB589F-F03B-487A-9B3A-C8E0FCD5ADA2}.Release|Any CPU.Build.0 = Release|Any CPU
		{F33042B2-E5B8-4EAD-A3A9-665C66BB1296}.Debug|Any CPU.ActiveCfg = Debug|Any CPU
		{F33042B2-E5B8-4EAD-A3A9-665C66BB1296}.Debug|Any CPU.Build.0 = Debug|Any CPU
		{F33042B2-E5B8-4EAD-A3A9-665C66BB1296}.Release|Any CPU.ActiveCfg = Release|Any CPU
		{F33042B2-E5B8-4EAD-A3A9-665C66BB1296}.Release|Any CPU.Build.0 = Release|Any CPU
		{D296B44A-E672-48A8-A146-FAEA0017E0A3}.Debug|Any CPU.ActiveCfg = Debug|Any CPU
		{D296B44A-E672-48A8-A146-FAEA0017E0A3}.Debug|Any CPU.Build.0 = Debug|Any CPU
		{D296B44A-E672-48A8-A146-FAEA0017E0A3}.Release|Any CPU.ActiveCfg = Release|Any CPU
		{D296B44A-E672-48A8-A146-FAEA0017E0A3}.Release|Any CPU.Build.0 = Release|Any CPU
		{F9F8BA61-0CCC-4FCB-8ED9-958023839EEF}.Debug|Any CPU.ActiveCfg = Debug|Any CPU
		{F9F8BA61-0CCC-4FCB-8ED9-958023839EEF}.Debug|Any CPU.Build.0 = Debug|Any CPU
		{F9F8BA61-0CCC-4FCB-8ED9-958023839EEF}.Release|Any CPU.ActiveCfg = Release|Any CPU
		{F9F8BA61-0CCC-4FCB-8ED9-958023839EEF}.Release|Any CPU.Build.0 = Release|Any CPU
		{DCAEB969-583A-4040-B29C-A5F954994605}.Debug|Any CPU.ActiveCfg = Debug|Any CPU
		{DCAEB969-583A-4040-B29C-A5F954994605}.Debug|Any CPU.Build.0 = Debug|Any CPU
		{DCAEB969-583A-4040-B29C-A5F954994605}.Release|Any CPU.ActiveCfg = Release|Any CPU
		{DCAEB969-583A-4040-B29C-A5F954994605}.Release|Any CPU.Build.0 = Release|Any CPU
	EndGlobalSection
	GlobalSection(SolutionProperties) = preSolution
		HideSolutionNode = FALSE
	EndGlobalSection
	GlobalSection(NestedProjects) = preSolution
		{2A8FD48D-E7AB-469E-B5C1-49B0E022F667} = {DA4B1BD8-3B25-4A47-9D6A-A7A8166A2E35}
		{63B9457E-BCD8-4609-AD4A-8E43E340F427} = {DA4B1BD8-3B25-4A47-9D6A-A7A8166A2E35}
		{3C5C81B5-6758-4741-9745-A7E1FBDDDA66} = {99B8E0F9-A7EA-447E-85DD-A44C27B594E5}
		{39F2D647-0A41-4C02-A73F-766C3CB5DC33} = {9DCE2B61-C12D-446F-BAC0-174C19A9D553}
		{CEB31D51-525F-43B2-8581-3B80DE7F0618} = {442F3AB4-9294-474D-BCE4-5E6A43603271}
		{3B78C358-66C4-4951-9EC1-BFE8D9B51CC1} = {442F3AB4-9294-474D-BCE4-5E6A43603271}
		{34881973-6BDE-4574-8BC5-4CE8B6B6CAB8} = {DA4B1BD8-3B25-4A47-9D6A-A7A8166A2E35}
		{C3EB589F-F03B-487A-9B3A-C8E0FCD5ADA2} = {442F3AB4-9294-474D-BCE4-5E6A43603271}
		{99B8E0F9-A7EA-447E-85DD-A44C27B594E5} = {62BE5ADE-B9BD-44C4-9448-0E0335484D9D}
		{442F3AB4-9294-474D-BCE4-5E6A43603271} = {62BE5ADE-B9BD-44C4-9448-0E0335484D9D}
		{F33042B2-E5B8-4EAD-A3A9-665C66BB1296} = {99B8E0F9-A7EA-447E-85DD-A44C27B594E5}
		{1491C399-6F2C-4413-A62D-E7D3B851C6E5} = {62BE5ADE-B9BD-44C4-9448-0E0335484D9D}
		{D296B44A-E672-48A8-A146-FAEA0017E0A3} = {1491C399-6F2C-4413-A62D-E7D3B851C6E5}
		{F9F8BA61-0CCC-4FCB-8ED9-958023839EEF} = {E7275FE7-4684-4059-A665-9E54BFA9707F}
		{E7275FE7-4684-4059-A665-9E54BFA9707F} = {62BE5ADE-B9BD-44C4-9448-0E0335484D9D}
		{DCAEB969-583A-4040-B29C-A5F954994605} = {E7275FE7-4684-4059-A665-9E54BFA9707F}
	EndGlobalSection
	GlobalSection(ExtensibilityGlobals) = postSolution
		SolutionGuid = {6A5C458F-FABD-4AEE-BA45-0A1378350F77}
	EndGlobalSection
EndGlobal
