
Microsoft Visual Studio Solution File, Format Version 12.00
# Visual Studio Version 18
VisualStudioVersion = 18.5.11723.231
MinimumVisualStudioVersion = 10.0.40219.1
Project("{9A19103F-16F7-4668-BE54-9A1E7A4F7556}") = "Vortex.Framework", "Vortex.Framework\Vortex.Framework.csproj", "{2A8FD48D-E7AB-469E-B5C1-49B0E022F667}"
EndProject
Project("{2150E333-8FDC-42A3-9474-1A3956D46DE8}") = "Framework", "Framework", "{DA4B1BD8-3B25-4A47-9D6A-A7A8166A2E35}"
EndProject
Project("{2150E333-8FDC-42A3-9474-1A3956D46DE8}") = "Bot", "Bot", "{9DCE2B61-C12D-446F-BAC0-174C19A9D553}"
EndProject
Project("{2150E333-8FDC-42A3-9474-1A3956D46DE8}") = "Modules", "Modules", "{62BE5ADE-B9BD-44C4-9448-0E0335484D9D}"
EndProject
Project("{9A19103F-16F7-4668-BE54-9A1E7A4F7556}") = "Vortex.Framework.Abstraction", "Vortex.Framework.Abstraction\Vortex.Framework.Abstraction.csproj", "{63B9457E-BCD8-4609-AD4A-8E43E340F427}"
EndProject
Project("{2150E333-8FDC-42A3-9474-1A3956D46DE8}") = "Solution Items", "Solution Items", "{6D84526F-8FB9-477E-A940-177702768D84}"
	ProjectSection(SolutionItems) = preProject
		.editorconfig = .editorconfig
		ProjectConfiguration.Base.csproj = ProjectConfiguration.Base.csproj
		ProjectConfiguration.Module.csproj = ProjectConfiguration.Module.csproj
	EndProjectSection
EndProject
Project("{9A19103F-16F7-4668-BE54-9A1E7A4F7556}") = "Vortex.Modules.Chat", "Vortex.Modules.Chat\Vortex.Modules.Chat.csproj", "{3C5C81B5-6758-4741-9745-A7E1FBDDDA66}"
EndProject
Project("{9A19103F-16F7-4668-BE54-9A1E7A4F7556}") = "Vortex.Bot", "Vortex.Bot\Vortex.Bot.csproj", "{39F2D647-0A41-4C02-A73F-766C3CB5DC33}"
EndProject
Project("{9A19103F-16F7-4668-BE54-9A1E7A4F7556}") = "Vortex.Modules.Networking", "Vortex.Modules.Networking\Vortex.Modules.Networking.csproj", "{CEB31D51-525F-43B2-8581-3B80DE7F0618}"
EndProject
Project("{9A19103F-16F7-4668-BE54-9A1E7A4F7556}") = "Vortex.Modules.Networking.Abstraction", "Vortex.Modules.Networking.Abstraction\Vortex.Modules.Networking.Abstraction.csproj", "{3B78C358-66C4-4951-9EC1-BFE8D9B51CC1}"
EndProject
Project("{9A19103F-16F7-4668-BE54-9A1E7A4F7556}") = "Vortex.Shared", "Vortex.Shared\Vortex.Shared.csproj", "{34881973-6BDE-4574-8BC5-4CE8B6B6CAB8}"
EndProject
Project("{9A19103F-16F7-4668-BE54-9A1E7A4F7556}") = "Vortex.Modules.Networking.CodeGeneration", "Vortex.Modules.Networking.CodeGeneration\Vortex.Modules.Networking.CodeGeneration.csproj", "{C3EB589F-F03B-487A-9B3A-C8E0FCD5ADA2}"
EndProject
Project("{2150E333-8FDC-42A3-9474-1A3956D46DE8}") = "Chat", "Chat", "{99B8E0F9-A7EA-447E-85DD-A44C27B594E5}"
EndProject
Project("{2150E333-8FDC-42A3-9474-1A3956D46DE8}") = "Networking", "Networking", "{442F3AB4-9294-474D-BCE4-5E6A43603271}"
EndProject
Project("{9A19103F-16F7-4668-BE54-9A1E7A4F7556}") = "Vortex.Modules.Chat.Abstraction", "Vortex.Modules.Chat.Abstraction\Vortex.Modules.Chat.Abstraction.csproj", "{F33042B2-E5B8-4EAD-A3A9-665C66BB1296}"
EndProject
Project("{2150E333-8FDC-42A3-9474-1A3956D46DE8}") = "Player", "Player", "{1491C399-6F2C-4413-A62D-E7D3B851C6E5}"
EndProject
Project("{9A19103F-16F7-4668-BE54-9A1E7A4F7556}") = "Vortex.Modules.Player", "Vortex.Modules.Player\Vortex.Modules.Player.csproj", "{D296B44A-E672-48A8-A146-FAEA0017E0A3}"
EndProject
Project("{9A19103F-16F7-4668-BE54-9A1E7A4F7556}") = "Vortex.Modules.World", "Vortex.Modules.World\Vortex.Modules.World.csproj", "{F9F8BA61-0CCC-4FCB-8ED9-958023839EEF}"
EndProject
Project("{2150E333-8FDC-42A3-9474-1A3956D46DE8}") = "World", "World", "{E7275FE7-4684-4059-A665-9E54BFA9707F}"
EndProject
Project("{2150E333-8FDC-42A3-9474-1A3956D46DE8}") = "Repository Items", "Repository Items", "{FA00085F-D0FC-4DC5-9687-94264D22331C}"
	ProjectSection(SolutionItems) = preProject
		README.md = README.md
	EndProjectSection
EndProject
Project("{FAE04EC0-301F-11D3-BF4B-00C04F79EFBC}") = "Vortex.Modules.World.Abstraction", "Vortex.Modules.World.Abstraction\Vortex.Modules.World.Abstraction.csproj", "{DCAEB969-583A-4040-B29C-A5F954994605}"
EndProject
Project("{FAE04EC0-301F-11D3-BF4B-00C04F79EFBC}") = "Vortex.Modules.Networking.Test", "Vortex.Modules.Networking.Test\Vortex.Modules.Networking.Test.csproj", "{8C012243-1CF5-417D-84E4-9B13B2C4F318}"
EndProject
Project("{FAE04EC0-301F-11D3-BF4B-00C04F79EFBC}") = "Vortex.Modules.Chat.Test", "Vortex.Modules.Chat.Test\Vortex.Modules.Chat.Test.csproj", "{1E490DFB-474D-4E4E-A2B6-09F229552AE9}"
EndProject
Project("{FAE04EC0-301F-11D3-BF4B-00C04F79EFBC}") = "Vortex.Modules.Player.Abstraction", "Vortex.Modules.Player.Abstraction\Vortex.Modules.Player.Abstraction.csproj", "{C45C3BD5-01F5-4B89-AA62-6CEE2AFB42C5}"
EndProject
Project("{FAE04EC0-301F-11D3-BF4B-00C04F79EFBC}") = "Vortex.Modules.Player.Test", "Vortex.Modules.Player.Test\Vortex.Modules.Player.Test.csproj", "{DC9613E3-354B-4E74-9EBA-301EEE140D75}"
EndProject
Project("{FAE04EC0-301F-11D3-BF4B-00C04F79EFBC}") = "Vortex.Modules.Behaviour.Abstraction", "Vortex.Modules.Behaviour.Abstraction\Vortex.Modules.Behaviour.Abstraction.csproj", "{4950020F-A74C-4AE3-8434-C0C35C3B9A08}"
EndProject
Project("{FAE04EC0-301F-11D3-BF4B-00C04F79EFBC}") = "Vortex.Modules.Behaviour", "Vortex.Modules.Behaviour\Vortex.Modules.Behaviour.csproj", "{BD95F268-229B-423F-B04C-AB9AFA337C8D}"
EndProject
Project("{FAE04EC0-301F-11D3-BF4B-00C04F79EFBC}") = "Vortex.Modules.Behaviour.Test", "Vortex.Modules.Behaviour.Test\Vortex.Modules.Behaviour.Test.csproj", "{79C89CA3-B932-46C0-A05D-C07FA18BE4C0}"
EndProject
Project("{FAE04EC0-301F-11D3-BF4B-00C04F79EFBC}") = "Vortex.Modules.Navigation.Abstraction", "Vortex.Modules.Navigation.Abstraction\Vortex.Modules.Navigation.Abstraction.csproj", "{3D99AD9B-2282-426B-B55F-3DEC6A59866B}"
EndProject
Project("{FAE04EC0-301F-11D3-BF4B-00C04F79EFBC}") = "Vortex.Modules.Navigation", "Vortex.Modules.Navigation\Vortex.Modules.Navigation.csproj", "{EC0C16D3-3FAA-400A-A2DF-109C13F789D8}"
EndProject
Project("{FAE04EC0-301F-11D3-BF4B-00C04F79EFBC}") = "Vortex.Modules.Navigation.Test", "Vortex.Modules.Navigation.Test\Vortex.Modules.Navigation.Test.csproj", "{DF3F87E9-7977-4257-A93E-36EA8B6585A8}"
EndProject
Project("{2150E333-8FDC-42A3-9474-1A3956D46DE8}") = "Navigation", "Navigation", "{471743A0-11ED-43A9-AB78-C13848A0D0EB}"
EndProject
Project("{2150E333-8FDC-42A3-9474-1A3956D46DE8}") = "Behaviour", "Behaviour", "{1ADEEC1E-C387-4B08-B02A-3F4EE1CA9D3B}"
EndProject
Project("{FAE04EC0-301F-11D3-BF4B-00C04F79EFBC}") = "Vortex.Modules.World.Test", "Vortex.Modules.World.Test\Vortex.Modules.World.Test.csproj", "{9015AA91-469F-4588-A084-5B17F2EB91DD}"
EndProject
Project("{FAE04EC0-301F-11D3-BF4B-00C04F79EFBC}") = "Vortex.Framework.Test", "Vortex.Framework.Test\Vortex.Framework.Test.csproj", "{BB6D96FC-77E2-429A-BA96-A90620F941E3}"
EndProject
Project("{FAE04EC0-301F-11D3-BF4B-00C04F79EFBC}") = "Vortex.Data", "Vortex.Data\Vortex.Data.csproj", "{28B7B56A-6A32-47FF-A16F-0F7A88527B7C}"
EndProject
Project("{FAE04EC0-301F-11D3-BF4B-00C04F79EFBC}") = "Vortex.Data.CodeGeneration", "Vortex.Data.CodeGeneration\Vortex.Data.CodeGeneration.csproj", "{799D025E-3DB1-4285-A37C-98A7D51E69B8}"
EndProject
Project("{FAE04EC0-301F-11D3-BF4B-00C04F79EFBC}") = "Vortex.Data.Test", "Vortex.Data.Test\Vortex.Data.Test.csproj", "{96E76B93-38AB-4571-9E20-577D37116229}"
EndProject
Project("{2150E333-8FDC-42A3-9474-1A3956D46DE8}") = "Data", "Data", "{45A7549F-9238-494E-8FB8-2DDE844D12AB}"
EndProject
Project("{2150E333-8FDC-42A3-9474-1A3956D46DE8}") = "Entities", "Entities", "{EA7BE6C8-5F05-9B65-AC66-437F402156EC}"
EndProject
Project("{FAE04EC0-301F-11D3-BF4B-00C04F79EFBC}") = "Vortex.Modules.Entities.Abstraction", "Vortex.Modules.Entities.Abstraction\Vortex.Modules.Entities.Abstraction.csproj", "{43C6B983-6C61-4048-9CFC-22CBB2FAB0CA}"
EndProject
Project("{FAE04EC0-301F-11D3-BF4B-00C04F79EFBC}") = "Vortex.Modules.Entities", "Vortex.Modules.Entities\Vortex.Modules.Entities.csproj", "{16B88B70-B94F-4A25-AA35-343AB4B55F1F}"
EndProject
Project("{FAE04EC0-301F-11D3-BF4B-00C04F79EFBC}") = "Vortex.Modules.Entities.Test", "Vortex.Modules.Entities.Test\Vortex.Modules.Entities.Test.csproj", "{2CF59105-967F-4FEB-AE83-E1FE3A582B25}"
EndProject
Project("{2150E333-8FDC-42A3-9474-1A3956D46DE8}") = "Inventory", "Inventory", "{D017F5CD-2523-D1C7-7249-0213A9B86C38}"
EndProject
Project("{FAE04EC0-301F-11D3-BF4B-00C04F79EFBC}") = "Vortex.Modules.Inventory.Abstraction", "Vortex.Modules.Inventory.Abstraction\Vortex.Modules.Inventory.Abstraction.csproj", "{9DB3A4E2-CE41-4C33-93AA-A21993CFB7DF}"
EndProject
Project("{FAE04EC0-301F-11D3-BF4B-00C04F79EFBC}") = "Vortex.Modules.Inventory", "Vortex.Modules.Inventory\Vortex.Modules.Inventory.csproj", "{ED29FB40-2D23-4E14-AD9D-0F55BE0B189B}"
EndProject
Project("{FAE04EC0-301F-11D3-BF4B-00C04F79EFBC}") = "Vortex.Modules.Inventory.Test", "Vortex.Modules.Inventory.Test\Vortex.Modules.Inventory.Test.csproj", "{746938FA-78BD-4D36-A7A0-095B040AA15E}"
EndProject
Project("{2150E333-8FDC-42A3-9474-1A3956D46DE8}") = "Interaction", "Interaction", "{6641A3B4-A6B4-7EFF-6B7B-325AE97719DD}"
EndProject
Project("{FAE04EC0-301F-11D3-BF4B-00C04F79EFBC}") = "Vortex.Modules.Interaction.Abstraction", "Vortex.Modules.Interaction.Abstraction\Vortex.Modules.Interaction.Abstraction.csproj", "{4C8CCEA1-66B5-43E0-B197-C8DF57A8375E}"
EndProject
Project("{FAE04EC0-301F-11D3-BF4B-00C04F79EFBC}") = "Vortex.Modules.Interaction", "Vortex.Modules.Interaction\Vortex.Modules.Interaction.csproj", "{ACE88498-BDF6-4A5E-BBD4-84976508A7A9}"
EndProject
Project("{FAE04EC0-301F-11D3-BF4B-00C04F79EFBC}") = "Vortex.Modules.Interaction.Test", "Vortex.Modules.Interaction.Test\Vortex.Modules.Interaction.Test.csproj", "{E92A30A9-9F42-4E6C-B3EE-87A7A05A7ABA}"
EndProject
Global
	GlobalSection(SolutionConfigurationPlatforms) = preSolution
		Debug|Any CPU = Debug|Any CPU
		Debug|x64 = Debug|x64
		Debug|x86 = Debug|x86
		Release|Any CPU = Release|Any CPU
		Release|x64 = Release|x64
		Release|x86 = Release|x86
	EndGlobalSection
	GlobalSection(ProjectConfigurationPlatforms) = postSolution
		{2A8FD48D-E7AB-469E-B5C1-49B0E022F667}.Debug|Any CPU.ActiveCfg = Debug|Any CPU
		{2A8FD48D-E7AB-469E-B5C1-49B0E022F667}.Debug|Any CPU.Build.0 = Debug|Any CPU
		{2A8FD48D-E7AB-469E-B5C1-49B0E022F667}.Debug|x64.ActiveCfg = Debug|Any CPU
		{2A8FD48D-E7AB-469E-B5C1-49B0E022F667}.Debug|x64.Build.0 = Debug|Any CPU
		{2A8FD48D-E7AB-469E-B5C1-49B0E022F667}.Debug|x86.ActiveCfg = Debug|Any CPU
		{2A8FD48D-E7AB-469E-B5C1-49B0E022F667}.Debug|x86.Build.0 = Debug|Any CPU
		{2A8FD48D-E7AB-469E-B5C1-49B0E022F667}.Release|Any CPU.ActiveCfg = Release|Any CPU
		{2A8FD48D-E7AB-469E-B5C1-49B0E022F667}.Release|Any CPU.Build.0 = Release|Any CPU
		{2A8FD48D-E7AB-469E-B5C1-49B0E022F667}.Release|x64.ActiveCfg = Release|Any CPU
		{2A8FD48D-E7AB-469E-B5C1-49B0E022F667}.Release|x64.Build.0 = Release|Any CPU
		{2A8FD48D-E7AB-469E-B5C1-49B0E022F667}.Release|x86.ActiveCfg = Release|Any CPU
		{2A8FD48D-E7AB-469E-B5C1-49B0E022F667}.Release|x86.Build.0 = Release|Any CPU
		{63B9457E-BCD8-4609-AD4A-8E43E340F427}.Debug|Any CPU.ActiveCfg = Debug|Any CPU
		{63B9457E-BCD8-4609-AD4A-8E43E340F427}.Debug|Any CPU.Build.0 = Debug|Any CPU
		{63B9457E-BCD8-4609-AD4A-8E43E340F427}.Debug|x64.ActiveCfg = Debug|Any CPU
		{63B9457E-BCD8-4609-AD4A-8E43E340F427}.Debug|x64.Build.0 = Debug|Any CPU
		{63B9457E-BCD8-4609-AD4A-8E43E340F427}.Debug|x86.ActiveCfg = Debug|Any CPU
		{63B9457E-BCD8-4609-AD4A-8E43E340F427}.Debug|x86.Build.0 = Debug|Any CPU
		{63B9457E-BCD8-4609-AD4A-8E43E340F427}.Release|Any CPU.ActiveCfg = Release|Any CPU
		{63B9457E-BCD8-4609-AD4A-8E43E340F427}.Release|Any CPU.Build.0 = Release|Any CPU
		{63B9457E-BCD8-4609-AD4A-8E43E340F427}.Release|x64.ActiveCfg = Release|Any CPU
		{63B9457E-BCD8-4609-AD4A-8E43E340F427}.Release|x64.Build.0 = Release|Any CPU
		{63B9457E-BCD8-4609-AD4A-8E43E340F427}.Release|x86.ActiveCfg = Release|Any CPU
		{63B9457E-BCD8-4609-AD4A-8E43E340F427}.Release|x86.Build.0 = Release|Any CPU
		{3C5C81B5-6758-4741-9745-A7E1FBDDDA66}.Debug|Any CPU.ActiveCfg = Debug|Any CPU
		{3C5C81B5-6758-4741-9745-A7E1FBDDDA66}.Debug|Any CPU.Build.0 = Debug|Any CPU
		{3C5C81B5-6758-4741-9745-A7E1FBDDDA66}.Debug|x64.ActiveCfg = Debug|Any CPU
		{3C5C81B5-6758-4741-9745-A7E1FBDDDA66}.Debug|x64.Build.0 = Debug|Any CPU
		{3C5C81B5-6758-4741-9745-A7E1FBDDDA66}.Debug|x86.ActiveCfg = Debug|Any CPU
		{3C5C81B5-6758-4741-9745-A7E1FBDDDA66}.Debug|x86.Build.0 = Debug|Any CPU
		{3C5C81B5-6758-4741-9745-A7E1FBDDDA66}.Release|Any CPU.ActiveCfg = Release|Any CPU
		{3C5C81B5-6758-4741-9745-A7E1FBDDDA66}.Release|Any CPU.Build.0 = Release|Any CPU
		{3C5C81B5-6758-4741-9745-A7E1FBDDDA66}.Release|x64.ActiveCfg = Release|Any CPU
		{3C5C81B5-6758-4741-9745-A7E1FBDDDA66}.Release|x64.Build.0 = Release|Any CPU
		{3C5C81B5-6758-4741-9745-A7E1FBDDDA66}.Release|x86.ActiveCfg = Release|Any CPU
		{3C5C81B5-6758-4741-9745-A7E1FBDDDA66}.Release|x86.Build.0 = Release|Any CPU
		{39F2D647-0A41-4C02-A73F-766C3CB5DC33}.Debug|Any CPU.ActiveCfg = Debug|Any CPU
		{39F2D647-0A41-4C02-A73F-766C3CB5DC33}.Debug|Any CPU.Build.0 = Debug|Any CPU
		{39F2D647-0A41-4C02-A73F-766C3CB5DC33}.Debug|x64.ActiveCfg = Debug|Any CPU
		{39F2D647-0A41-4C02-A73F-766C3CB5DC33}.Debug|x64.Build.0 = Debug|Any CPU
		{39F2D647-0A41-4C02-A73F-766C3CB5DC33}.Debug|x86.ActiveCfg = Debug|Any CPU
		{39F2D647-0A41-4C02-A73F-766C3CB5DC33}.Debug|x86.Build.0 = Debug|Any CPU
		{39F2D647-0A41-4C02-A73F-766C3CB5DC33}.Release|Any CPU.ActiveCfg = Release|Any CPU
		{39F2D647-0A41-4C02-A73F-766C3CB5DC33}.Release|Any CPU.Build.0 = Release|Any CPU
		{39F2D647-0A41-4C02-A73F-766C3CB5DC33}.Release|x64.ActiveCfg = Release|Any CPU
		{39F2D647-0A41-4C02-A73F-766C3CB5DC33}.Release|x64.Build.0 = Release|Any CPU
		{39F2D647-0A41-4C02-A73F-766C3CB5DC33}.Release|x86.ActiveCfg = Release|Any CPU
		{39F2D647-0A41-4C02-A73F-766C3CB5DC33}.Release|x86.Build.0 = Release|Any CPU
		{CEB31D51-525F-43B2-8581-3B80DE7F0618}.Debug|Any CPU.ActiveCfg = Debug|Any CPU
		{CEB31D51-525F-43B2-8581-3B80DE7F0618}.Debug|Any CPU.Build.0 = Debug|Any CPU
		{CEB31D51-525F-43B2-8581-3B80DE7F0618}.Debug|x64.ActiveCfg = Debug|Any CPU
		{CEB31D51-525F-43B2-8581-3B80DE7F0618}.Debug|x64.Build.0 = Debug|Any CPU
		{CEB31D51-525F-43B2-8581-3B80DE7F0618}.Debug|x86.ActiveCfg = Debug|Any CPU
		{CEB31D51-525F-43B2-8581-3B80DE7F0618}.Debug|x86.Build.0 = Debug|Any CPU
		{CEB31D51-525F-43B2-8581-3B80DE7F0618}.Release|Any CPU.ActiveCfg = Release|Any CPU
		{CEB31D51-525F-43B2-8581-3B80DE7F0618}.Release|Any CPU.Build.0 = Release|Any CPU
		{CEB31D51-525F-43B2-8581-3B80DE7F0618}.Release|x64.ActiveCfg = Release|Any CPU
		{CEB31D51-525F-43B2-8581-3B80DE7F0618}.Release|x64.Build.0 = Release|Any CPU
		{CEB31D51-525F-43B2-8581-3B80DE7F0618}.Release|x86.ActiveCfg = Release|Any CPU
		{CEB31D51-525F-43B2-8581-3B80DE7F0618}.Release|x86.Build.0 = Release|Any CPU
		{3B78C358-66C4-4951-9EC1-BFE8D9B51CC1}.Debug|Any CPU.ActiveCfg = Debug|Any CPU
		{3B78C358-66C4-4951-9EC1-BFE8D9B51CC1}.Debug|Any CPU.Build.0 = Debug|Any CPU
		{3B78C358-66C4-4951-9EC1-BFE8D9B51CC1}.Debug|x64.ActiveCfg = Debug|Any CPU
		{3B78C358-66C4-4951-9EC1-BFE8D9B51CC1}.Debug|x64.Build.0 = Debug|Any CPU
		{3B78C358-66C4-4951-9EC1-BFE8D9B51CC1}.Debug|x86.ActiveCfg = Debug|Any CPU
		{3B78C358-66C4-4951-9EC1-BFE8D9B51CC1}.Debug|x86.Build.0 = Debug|Any CPU
		{3B78C358-66C4-4951-9EC1-BFE8D9B51CC1}.Release|Any CPU.ActiveCfg = Release|Any CPU
		{3B78C358-66C4-4951-9EC1-BFE8D9B51CC1}.Release|Any CPU.Build.0 = Release|Any CPU
		{3B78C358-66C4-4951-9EC1-BFE8D9B51CC1}.Release|x64.ActiveCfg = Release|Any CPU
		{3B78C358-66C4-4951-9EC1-BFE8D9B51CC1}.Release|x64.Build.0 = Release|Any CPU
		{3B78C358-66C4-4951-9EC1-BFE8D9B51CC1}.Release|x86.ActiveCfg = Release|Any CPU
		{3B78C358-66C4-4951-9EC1-BFE8D9B51CC1}.Release|x86.Build.0 = Release|Any CPU
		{34881973-6BDE-4574-8BC5-4CE8B6B6CAB8}.Debug|Any CPU.ActiveCfg = Debug|Any CPU
		{34881973-6BDE-4574-8BC5-4CE8B6B6CAB8}.Debug|Any CPU.Build.0 = Debug|Any CPU
		{34881973-6BDE-4574-8BC5-4CE8B6B6CAB8}.Debug|x64.ActiveCfg = Debug|Any CPU
		{34881973-6BDE-4574-8BC5-4CE8B6B6CAB8}.Debug|x64.Build.0 = Debug|Any CPU
		{34881973-6BDE-4574-8BC5-4CE8B6B6CAB8}.Debug|x86.ActiveCfg = Debug|Any CPU
		{34881973-6BDE-4574-8BC5-4CE8B6B6CAB8}.Debug|x86.Build.0 = Debug|Any CPU
		{34881973-6BDE-4574-8BC5-4CE8B6B6CAB8}.Release|Any CPU.ActiveCfg = Release|Any CPU
		{34881973-6BDE-4574-8BC5-4CE8B6B6CAB8}.Release|Any CPU.Build.0 = Release|Any CPU
		{34881973-6BDE-4574-8BC5-4CE8B6B6CAB8}.Release|x64.ActiveCfg = Release|Any CPU
		{34881973-6BDE-4574-8BC5-4CE8B6B6CAB8}.Release|x64.Build.0 = Release|Any CPU
		{34881973-6BDE-4574-8BC5-4CE8B6B6CAB8}.Release|x86.ActiveCfg = Release|Any CPU
		{34881973-6BDE-4574-8BC5-4CE8B6B6CAB8}.Release|x86.Build.0 = Release|Any CPU
		{C3EB589F-F03B-487A-9B3A-C8E0FCD5ADA2}.Debug|Any CPU.ActiveCfg = Debug|Any CPU
		{C3EB589F-F03B-487A-9B3A-C8E0FCD5ADA2}.Debug|Any CPU.Build.0 = Debug|Any CPU
		{C3EB589F-F03B-487A-9B3A-C8E0FCD5ADA2}.Debug|x64.ActiveCfg = Debug|Any CPU
		{C3EB589F-F03B-487A-9B3A-C8E0FCD5ADA2}.Debug|x64.Build.0 = Debug|Any CPU
		{C3EB589F-F03B-487A-9B3A-C8E0FCD5ADA2}.Debug|x86.ActiveCfg = Debug|Any CPU
		{C3EB589F-F03B-487A-9B3A-C8E0FCD5ADA2}.Debug|x86.Build.0 = Debug|Any CPU
		{C3EB589F-F03B-487A-9B3A-C8E0FCD5ADA2}.Release|Any CPU.ActiveCfg = Release|Any CPU
		{C3EB589F-F03B-487A-9B3A-C8E0FCD5ADA2}.Release|Any CPU.Build.0 = Release|Any CPU
		{C3EB589F-F03B-487A-9B3A-C8E0FCD5ADA2}.Release|x64.ActiveCfg = Release|Any CPU
		{C3EB589F-F03B-487A-9B3A-C8E0FCD5ADA2}.Release|x64.Build.0 = Release|Any CPU
		{C3EB589F-F03B-487A-9B3A-C8E0FCD5ADA2}.Release|x86.ActiveCfg = Release|Any CPU
		{C3EB589F-F03B-487A-9B3A-C8E0FCD5ADA2}.Release|x86.Build.0 = Release|Any CPU
		{F33042B2-E5B8-4EAD-A3A9-665C66BB1296}.Debug|Any CPU.ActiveCfg = Debug|Any CPU
		{F33042B2-E5B8-4EAD-A3A9-665C66BB1296}.Debug|Any CPU.Build.0 = Debug|Any CPU
		{F33042B2-E5B8-4EAD-A3A9-665C66BB1296}.Debug|x64.ActiveCfg = Debug|Any CPU
		{F33042B2-E5B8-4EAD-A3A9-665C66BB1296}.Debug|x64.Build.0 = Debug|Any CPU
		{F33042B2-E5B8-4EAD-A3A9-665C66BB1296}.Debug|x86.ActiveCfg = Debug|Any CPU
		{F33042B2-E5B8-4EAD-A3A9-665C66BB1296}.Debug|x86.Build.0 = Debug|Any CPU
		{F33042B2-E5B8-4EAD-A3A9-665C66BB1296}.Release|Any CPU.ActiveCfg = Release|Any CPU
		{F33042B2-E5B8-4EAD-A3A9-665C66BB1296}.Release|Any CPU.Build.0 = Release|Any CPU
		{F33042B2-E5B8-4EAD-A3A9-665C66BB1296}.Release|x64.ActiveCfg = Release|Any CPU
		{F33042B2-E5B8-4EAD-A3A9-665C66BB1296}.Release|x64.Build.0 = Release|Any CPU
		{F33042B2-E5B8-4EAD-A3A9-665C66BB1296}.Release|x86.ActiveCfg = Release|Any CPU
		{F33042B2-E5B8-4EAD-A3A9-665C66BB1296}.Release|x86.Build.0 = Release|Any CPU
		{D296B44A-E672-48A8-A146-FAEA0017E0A3}.Debug|Any CPU.ActiveCfg = Debug|Any CPU
		{D296B44A-E672-48A8-A146-FAEA0017E0A3}.Debug|Any CPU.Build.0 = Debug|Any CPU
		{D296B44A-E672-48A8-A146-FAEA0017E0A3}.Debug|x64.ActiveCfg = Debug|Any CPU
		{D296B44A-E672-48A8-A146-FAEA0017E0A3}.Debug|x64.Build.0 = Debug|Any CPU
		{D296B44A-E672-48A8-A146-FAEA0017E0A3}.Debug|x86.ActiveCfg = Debug|Any CPU
		{D296B44A-E672-48A8-A146-FAEA0017E0A3}.Debug|x86.Build.0 = Debug|Any CPU
		{D296B44A-E672-48A8-A146-FAEA0017E0A3}.Release|Any CPU.ActiveCfg = Release|Any CPU
		{D296B44A-E672-48A8-A146-FAEA0017E0A3}.Release|Any CPU.Build.0 = Release|Any CPU
		{D296B44A-E672-48A8-A146-FAEA0017E0A3}.Release|x64.ActiveCfg = Release|Any CPU
		{D296B44A-E672-48A8-A146-FAEA0017E0A3}.Release|x64.Build.0 = Release|Any CPU
		{D296B44A-E672-48A8-A146-FAEA0017E0A3}.Release|x86.ActiveCfg = Release|Any CPU
		{D296B44A-E672-48A8-A146-FAEA0017E0A3}.Release|x86.Build.0 = Release|Any CPU
		{F9F8BA61-0CCC-4FCB-8ED9-958023839EEF}.Debug|Any CPU.ActiveCfg = Debug|Any CPU
		{F9F8BA61-0CCC-4FCB-8ED9-958023839EEF}.Debug|Any CPU.Build.0 = Debug|Any CPU
		{F9F8BA61-0CCC-4FCB-8ED9-958023839EEF}.Debug|x64.ActiveCfg = Debug|Any CPU
		{F9F8BA61-0CCC-4FCB-8ED9-958023839EEF}.Debug|x64.Build.0 = Debug|Any CPU
		{F9F8BA61-0CCC-4FCB-8ED9-958023839EEF}.Debug|x86.ActiveCfg = Debug|Any CPU
		{F9F8BA61-0CCC-4FCB-8ED9-958023839EEF}.Debug|x86.Build.0 = Debug|Any CPU
		{F9F8BA61-0CCC-4FCB-8ED9-958023839EEF}.Release|Any CPU.ActiveCfg = Release|Any CPU
		{F9F8BA61-0CCC-4FCB-8ED9-958023839EEF}.Release|Any CPU.Build.0 = Release|Any CPU
		{F9F8BA61-0CCC-4FCB-8ED9-958023839EEF}.Release|x64.ActiveCfg = Release|Any CPU
		{F9F8BA61-0CCC-4FCB-8ED9-958023839EEF}.Release|x64.Build.0 = Release|Any CPU
		{F9F8BA61-0CCC-4FCB-8ED9-958023839EEF}.Release|x86.ActiveCfg = Release|Any CPU
		{F9F8BA61-0CCC-4FCB-8ED9-958023839EEF}.Release|x86.Build.0 = Release|Any CPU
		{DCAEB969-583A-4040-B29C-A5F954994605}.Debug|Any CPU.ActiveCfg = Debug|Any CPU
		{DCAEB969-583A-4040-B29C-A5F954994605}.Debug|Any CPU.Build.0 = Debug|Any CPU
		{DCAEB969-583A-4040-B29C-A5F954994605}.Debug|x64.ActiveCfg = Debug|Any CPU
		{DCAEB969-583A-4040-B29C-A5F954994605}.Debug|x64.Build.0 = Debug|Any CPU
		{DCAEB969-583A-4040-B29C-A5F954994605}.Debug|x86.ActiveCfg = Debug|Any CPU
		{DCAEB969-583A-4040-B29C-A5F954994605}.Debug|x86.Build.0 = Debug|Any CPU
		{DCAEB969-583A-4040-B29C-A5F954994605}.Release|Any CPU.ActiveCfg = Release|Any CPU
		{DCAEB969-583A-4040-B29C-A5F954994605}.Release|Any CPU.Build.0 = Release|Any CPU
		{DCAEB969-583A-4040-B29C-A5F954994605}.Release|x64.ActiveCfg = Release|Any CPU
		{DCAEB969-583A-4040-B29C-A5F954994605}.Release|x64.Build.0 = Release|Any CPU
		{DCAEB969-583A-4040-B29C-A5F954994605}.Release|x86.ActiveCfg = Release|Any CPU
		{DCAEB969-583A-4040-B29C-A5F954994605}.Release|x86.Build.0 = Release|Any CPU
		{8C012243-1CF5-417D-84E4-9B13B2C4F318}.Debug|Any CPU.ActiveCfg = Debug|Any CPU
		{8C012243-1CF5-417D-84E4-9B13B2C4F318}.Debug|Any CPU.Build.0 = Debug|Any CPU
		{8C012243-1CF5-417D-84E4-9B13B2C4F318}.Debug|x64.ActiveCfg = Debug|Any CPU
		{8C012243-1CF5-417D-84E4-9B13B2C4F318}.Debug|x64.Build.0 = Debug|Any CPU
		{8C012243-1CF5-417D-84E4-9B13B2C4F318}.Debug|x86.ActiveCfg = Debug|Any CPU
		{8C012243-1CF5-417D-84E4-9B13B2C4F318}.Debug|x86.Build.0 = Debug|Any CPU
		{8C012243-1CF5-417D-84E4-9B13B2C4F318}.Release|Any CPU.ActiveCfg = Release|Any CPU
		{8C012243-1CF5-417D-84E4-9B13B2C4F318}.Release|Any CPU.Build.0 = Release|Any CPU
		{8C012243-1CF5-417D-84E4-9B13B2C4F318}.Release|x64.ActiveCfg = Release|Any CPU
		{8C012243-1CF5-417D-84E4-9B13B2C4F318}.Release|x64.Build.0 = Release|Any CPU
		{8C012243-1CF5-417D-84E4-9B13B2C4F318}.Release|x86.ActiveCfg = Release|Any CPU
		{8C012243-1CF5-417D-84E4-9B13B2C4F318}.Release|x86.Build.0 = Release|Any CPU
		{1E490DFB-474D-4E4E-A2B6-09F229552AE9}.Debug|Any CPU.ActiveCfg = Debug|Any CPU
		{1E490DFB-474D-4E4E-A2B6-09F229552AE9}.Debug|Any CPU.Build.0 = Debug|Any CPU
		{1E490DFB-474D-4E4E-A2B6-09F229552AE9}.Debug|x64.ActiveCfg = Debug|Any CPU
		{1E490DFB-474D-4E4E-A2B6-09F229552AE9}.Debug|x64.Build.0 = Debug|Any CPU
		{1E490DFB-474D-4E4E-A2B6-09F229552AE9}.Debug|x86.ActiveCfg = Debug|Any CPU
		{1E490DFB-474D-4E4E-A2B6-09F229552AE9}.Debug|x86.Build.0 = Debug|Any CPU
		{1E490DFB-474D-4E4E-A2B6-09F229552AE9}.Release|Any CPU.ActiveCfg = Release|Any CPU
		{1E490DFB-474D-4E4E-A2B6-09F229552AE9}.Release|Any CPU.Build.0 = Release|Any CPU
		{1E490DFB-474D-4E4E-A2B6-09F229552AE9}.Release|x64.ActiveCfg = Release|Any CPU
		{1E490DFB-474D-4E4E-A2B6-09F229552AE9}.Release|x64.Build.0 = Release|Any CPU
		{1E490DFB-474D-4E4E-A2B6-09F229552AE9}.Release|x86.ActiveCfg = Release|Any CPU
		{1E490DFB-474D-4E4E-A2B6-09F229552AE9}.Release|x86.Build.0 = Release|Any CPU
		{C45C3BD5-01F5-4B89-AA62-6CEE2AFB42C5}.Debug|Any CPU.ActiveCfg = Debug|Any CPU
		{C45C3BD5-01F5-4B89-AA62-6CEE2AFB42C5}.Debug|Any CPU.Build.0 = Debug|Any CPU
		{C45C3BD5-01F5-4B89-AA62-6CEE2AFB42C5}.Debug|x64.ActiveCfg = Debug|Any CPU
		{C45C3BD5-01F5-4B89-AA62-6CEE2AFB42C5}.Debug|x64.Build.0 = Debug|Any CPU
		{C45C3BD5-01F5-4B89-AA62-6CEE2AFB42C5}.Debug|x86.ActiveCfg = Debug|Any CPU
		{C45C3BD5-01F5-4B89-AA62-6CEE2AFB42C5}.Debug|x86.Build.0 = Debug|Any CPU
		{C45C3BD5-01F5-4B89-AA62-6CEE2AFB42C5}.Release|Any CPU.ActiveCfg = Release|Any CPU
		{C45C3BD5-01F5-4B89-AA62-6CEE2AFB42C5}.Release|Any CPU.Build.0 = Release|Any CPU
		{C45C3BD5-01F5-4B89-AA62-6CEE2AFB42C5}.Release|x64.ActiveCfg = Release|Any CPU
		{C45C3BD5-01F5-4B89-AA62-6CEE2AFB42C5}.Release|x64.Build.0 = Release|Any CPU
		{C45C3BD5-01F5-4B89-AA62-6CEE2AFB42C5}.Release|x86.ActiveCfg = Release|Any CPU
		{C45C3BD5-01F5-4B89-AA62-6CEE2AFB42C5}.Release|x86.Build.0 = Release|Any CPU
		{DC9613E3-354B-4E74-9EBA-301EEE140D75}.Debug|Any CPU.ActiveCfg = Debug|Any CPU
		{DC9613E3-354B-4E74-9EBA-301EEE140D75}.Debug|Any CPU.Build.0 = Debug|Any CPU
		{DC9613E3-354B-4E74-9EBA-301EEE140D75}.Debug|x64.ActiveCfg = Debug|Any CPU
		{DC9613E3-354B-4E74-9EBA-301EEE140D75}.Debug|x64.Build.0 = Debug|Any CPU
		{DC9613E3-354B-4E74-9EBA-301EEE140D75}.Debug|x86.ActiveCfg = Debug|Any CPU
		{DC9613E3-354B-4E74-9EBA-301EEE140D75}.Debug|x86.Build.0 = Debug|Any CPU
		{DC9613E3-354B-4E74-9EBA-301EEE140D75}.Release|Any CPU.ActiveCfg = Release|Any CPU
		{DC9613E3-354B-4E74-9EBA-301EEE140D75}.Release|Any CPU.Build.0 = Release|Any CPU
		{DC9613E3-354B-4E74-9EBA-301EEE140D75}.Release|x64.ActiveCfg = Release|Any CPU
		{DC9613E3-354B-4E74-9EBA-301EEE140D75}.Release|x64.Build.0 = Release|Any CPU
		{DC9613E3-354B-4E74-9EBA-301EEE140D75}.Release|x86.ActiveCfg = Release|Any CPU
		{DC9613E3-354B-4E74-9EBA-301EEE140D75}.Release|x86.Build.0 = Release|Any CPU
		{4950020F-A74C-4AE3-8434-C0C35C3B9A08}.Debug|Any CPU.ActiveCfg = Debug|Any CPU
		{4950020F-A74C-4AE3-8434-C0C35C3B9A08}.Debug|Any CPU.Build.0 = Debug|Any CPU
		{4950020F-A74C-4AE3-8434-C0C35C3B9A08}.Debug|x64.ActiveCfg = Debug|Any CPU
		{4950020F-A74C-4AE3-8434-C0C35C3B9A08}.Debug|x64.Build.0 = Debug|Any CPU
		{4950020F-A74C-4AE3-8434-C0C35C3B9A08}.Debug|x86.ActiveCfg = Debug|Any CPU
		{4950020F-A74C-4AE3-8434-C0C35C3B9A08}.Debug|x86.Build.0 = Debug|Any CPU
		{4950020F-A74C-4AE3-8434-C0C35C3B9A08}.Release|Any CPU.ActiveCfg = Release|Any CPU
		{4950020F-A74C-4AE3-8434-C0C35C3B9A08}.Release|Any CPU.Build.0 = Release|Any CPU
		{4950020F-A74C-4AE3-8434-C0C35C3B9A08}.Release|x64.ActiveCfg = Release|Any CPU
		{4950020F-A74C-4AE3-8434-C0C35C3B9A08}.Release|x64.Build.0 = Release|Any CPU
		{4950020F-A74C-4AE3-8434-C0C35C3B9A08}.Release|x86.ActiveCfg = Release|Any CPU
		{4950020F-A74C-4AE3-8434-C0C35C3B9A08}.Release|x86.Build.0 = Release|Any CPU
		{BD95F268-229B-423F-B04C-AB9AFA337C8D}.Debug|Any CPU.ActiveCfg = Debug|Any CPU
		{BD95F268-229B-423F-B04C-AB9AFA337C8D}.Debug|Any CPU.Build.0 = Debug|Any CPU
		{BD95F268-229B-423F-B04C-AB9AFA337C8D}.Debug|x64.ActiveCfg = Debug|Any CPU
		{BD95F268-229B-423F-B04C-AB9AFA337C8D}.Debug|x64.Build.0 = Debug|Any CPU
		{BD95F268-229B-423F-B04C-AB9AFA337C8D}.Debug|x86.ActiveCfg = Debug|Any CPU
		{BD95F268-229B-423F-B04C-AB9AFA337C8D}.Debug|x86.Build.0 = Debug|Any CPU
		{BD95F268-229B-423F-B04C-AB9AFA337C8D}.Release|Any CPU.ActiveCfg = Release|Any CPU
		{BD95F268-229B-423F-B04C-AB9AFA337C8D}.Release|Any CPU.Build.0 = Release|Any CPU
		{BD95F268-229B-423F-B04C-AB9AFA337C8D}.Release|x64.ActiveCfg = Release|Any CPU
		{BD95F268-229B-423F-B04C-AB9AFA337C8D}.Release|x64.Build.0 = Release|Any CPU
		{BD95F268-229B-423F-B04C-AB9AFA337C8D}.Release|x86.ActiveCfg = Release|Any CPU
		{BD95F268-229B-423F-B04C-AB9AFA337C8D}.Release|x86.Build.0 = Release|Any CPU
		{79C89CA3-B932-46C0-A05D-C07FA18BE4C0}.Debug|Any CPU.ActiveCfg = Debug|Any CPU
		{79C89CA3-B932-46C0-A05D-C07FA18BE4C0}.Debug|Any CPU.Build.0 = Debug|Any CPU
		{79C89CA3-B932-46C0-A05D-C07FA18BE4C0}.Debug|x64.ActiveCfg = Debug|Any CPU
		{79C89CA3-B932-46C0-A05D-C07FA18BE4C0}.Debug|x64.Build.0 = Debug|Any CPU
		{79C89CA3-B932-46C0-A05D-C07FA18BE4C0}.Debug|x86.ActiveCfg = Debug|Any CPU
		{79C89CA3-B932-46C0-A05D-C07FA18BE4C0}.Debug|x86.Build.0 = Debug|Any CPU
		{79C89CA3-B932-46C0-A05D-C07FA18BE4C0}.Release|Any CPU.ActiveCfg = Release|Any CPU
		{79C89CA3-B932-46C0-A05D-C07FA18BE4C0}.Release|Any CPU.Build.0 = Release|Any CPU
		{79C89CA3-B932-46C0-A05D-C07FA18BE4C0}.Release|x64.ActiveCfg = Release|Any CPU
		{79C89CA3-B932-46C0-A05D-C07FA18BE4C0}.Release|x64.Build.0 = Release|Any CPU
		{79C89CA3-B932-46C0-A05D-C07FA18BE4C0}.Release|x86.ActiveCfg = Release|Any CPU
		{79C89CA3-B932-46C0-A05D-C07FA18BE4C0}.Release|x86.Build.0 = Release|Any CPU
		{3D99AD9B-2282-426B-B55F-3DEC6A59866B}.Debug|Any CPU.ActiveCfg = Debug|Any CPU
		{3D99AD9B-2282-426B-B55F-3DEC6A59866B}.Debug|Any CPU.Build.0 = Debug|Any CPU
		{3D99AD9B-2282-426B-B55F-3DEC6A59866B}.Debug|x64.ActiveCfg = Debug|Any CPU
		{3D99AD9B-2282-426B-B55F-3DEC6A59866B}.Debug|x64.Build.0 = Debug|Any CPU
		{3D99AD9B-2282-426B-B55F-3DEC6A59866B}.Debug|x86.ActiveCfg = Debug|Any CPU
		{3D99AD9B-2282-426B-B55F-3DEC6A59866B}.Debug|x86.Build.0 = Debug|Any CPU
		{3D99AD9B-2282-426B-B55F-3DEC6A59866B}.Release|Any CPU.ActiveCfg = Release|Any CPU
		{3D99AD9B-2282-426B-B55F-3DEC6A59866B}.Release|Any CPU.Build.0 = Release|Any CPU
		{3D99AD9B-2282-426B-B55F-3DEC6A59866B}.Release|x64.ActiveCfg = Release|Any CPU
		{3D99AD9B-2282-426B-B55F-3DEC6A59866B}.Release|x64.Build.0 = Release|Any CPU
		{3D99AD9B-2282-426B-B55F-3DEC6A59866B}.Release|x86.ActiveCfg = Release|Any CPU
		{3D99AD9B-2282-426B-B55F-3DEC6A59866B}.Release|x86.Build.0 = Release|Any CPU
		{EC0C16D3-3FAA-400A-A2DF-109C13F789D8}.Debug|Any CPU.ActiveCfg = Debug|Any CPU
		{EC0C16D3-3FAA-400A-A2DF-109C13F789D8}.Debug|Any CPU.Build.0 = Debug|Any CPU
		{EC0C16D3-3FAA-400A-A2DF-109C13F789D8}.Debug|x64.ActiveCfg = Debug|Any CPU
		{EC0C16D3-3FAA-400A-A2DF-109C13F789D8}.Debug|x64.Build.0 = Debug|Any CPU
		{EC0C16D3-3FAA-400A-A2DF-109C13F789D8}.Debug|x86.ActiveCfg = Debug|Any CPU
		{EC0C16D3-3FAA-400A-A2DF-109C13F789D8}.Debug|x86.Build.0 = Debug|Any CPU
		{EC0C16D3-3FAA-400A-A2DF-109C13F789D8}.Release|Any CPU.ActiveCfg = Release|Any CPU
		{EC0C16D3-3FAA-400A-A2DF-109C13F789D8}.Release|Any CPU.Build.0 = Release|Any CPU
		{EC0C16D3-3FAA-400A-A2DF-109C13F789D8}.Release|x64.ActiveCfg = Release|Any CPU
		{EC0C16D3-3FAA-400A-A2DF-109C13F789D8}.Release|x64.Build.0 = Release|Any CPU
		{EC0C16D3-3FAA-400A-A2DF-109C13F789D8}.Release|x86.ActiveCfg = Release|Any CPU
		{EC0C16D3-3FAA-400A-A2DF-109C13F789D8}.Release|x86.Build.0 = Release|Any CPU
		{DF3F87E9-7977-4257-A93E-36EA8B6585A8}.Debug|Any CPU.ActiveCfg = Debug|Any CPU
		{DF3F87E9-7977-4257-A93E-36EA8B6585A8}.Debug|Any CPU.Build.0 = Debug|Any CPU
		{DF3F87E9-7977-4257-A93E-36EA8B6585A8}.Debug|x64.ActiveCfg = Debug|Any CPU
		{DF3F87E9-7977-4257-A93E-36EA8B6585A8}.Debug|x64.Build.0 = Debug|Any CPU
		{DF3F87E9-7977-4257-A93E-36EA8B6585A8}.Debug|x86.ActiveCfg = Debug|Any CPU
		{DF3F87E9-7977-4257-A93E-36EA8B6585A8}.Debug|x86.Build.0 = Debug|Any CPU
		{DF3F87E9-7977-4257-A93E-36EA8B6585A8}.Release|Any CPU.ActiveCfg = Release|Any CPU
		{DF3F87E9-7977-4257-A93E-36EA8B6585A8}.Release|Any CPU.Build.0 = Release|Any CPU
		{DF3F87E9-7977-4257-A93E-36EA8B6585A8}.Release|x64.ActiveCfg = Release|Any CPU
		{DF3F87E9-7977-4257-A93E-36EA8B6585A8}.Release|x64.Build.0 = Release|Any CPU
		{DF3F87E9-7977-4257-A93E-36EA8B6585A8}.Release|x86.ActiveCfg = Release|Any CPU
		{DF3F87E9-7977-4257-A93E-36EA8B6585A8}.Release|x86.Build.0 = Release|Any CPU
		{9015AA91-469F-4588-A084-5B17F2EB91DD}.Debug|Any CPU.ActiveCfg = Debug|Any CPU
		{9015AA91-469F-4588-A084-5B17F2EB91DD}.Debug|Any CPU.Build.0 = Debug|Any CPU
		{9015AA91-469F-4588-A084-5B17F2EB91DD}.Debug|x64.ActiveCfg = Debug|Any CPU
		{9015AA91-469F-4588-A084-5B17F2EB91DD}.Debug|x64.Build.0 = Debug|Any CPU
		{9015AA91-469F-4588-A084-5B17F2EB91DD}.Debug|x86.ActiveCfg = Debug|Any CPU
		{9015AA91-469F-4588-A084-5B17F2EB91DD}.Debug|x86.Build.0 = Debug|Any CPU
		{9015AA91-469F-4588-A084-5B17F2EB91DD}.Release|Any CPU.ActiveCfg = Release|Any CPU
		{9015AA91-469F-4588-A084-5B17F2EB91DD}.Release|Any CPU.Build.0 = Release|Any CPU
		{9015AA91-469F-4588-A084-5B17F2EB91DD}.Release|x64.ActiveCfg = Release|Any CPU
		{9015AA91-469F-4588-A084-5B17F2EB91DD}.Release|x64.Build.0 = Release|Any CPU
		{9015AA91-469F-4588-A084-5B17F2EB91DD}.Release|x86.ActiveCfg = Release|Any CPU
		{9015AA91-469F-4588-A084-5B17F2EB91DD}.Release|x86.Build.0 = Release|Any CPU
		{BB6D96FC-77E2-429A-BA96-A90620F941E3}.Debug|Any CPU.ActiveCfg = Debug|Any CPU
		{BB6D96FC-77E2-429A-BA96-A90620F941E3}.Debug|Any CPU.Build.0 = Debug|Any CPU
		{BB6D96FC-77E2-429A-BA96-A90620F941E3}.Debug|x64.ActiveCfg = Debug|Any CPU
		{BB6D96FC-77E2-429A-BA96-A90620F941E3}.Debug|x64.Build.0 = Debug|Any CPU
		{BB6D96FC-77E2-429A-BA96-A90620F941E3}.Debug|x86.ActiveCfg = Debug|Any CPU
		{BB6D96FC-77E2-429A-BA96-A90620F941E3}.Debug|x86.Build.0 = Debug|Any CPU
		{BB6D96FC-77E2-429A-BA96-A90620F941E3}.Release|Any CPU.ActiveCfg = Release|Any CPU
		{BB6D96FC-77E2-429A-BA96-A90620F941E3}.Release|Any CPU.Build.0 = Release|Any CPU
		{BB6D96FC-77E2-429A-BA96-A90620F941E3}.Release|x64.ActiveCfg = Release|Any CPU
		{BB6D96FC-77E2-429A-BA96-A90620F941E3}.Release|x64.Build.0 = Release|Any CPU
		{BB6D96FC-77E2-429A-BA96-A90620F941E3}.Release|x86.ActiveCfg = Release|Any CPU
		{BB6D96FC-77E2-429A-BA96-A90620F941E3}.Release|x86.Build.0 = Release|Any CPU
		{28B7B56A-6A32-47FF-A16F-0F7A88527B7C}.Debug|Any CPU.ActiveCfg = Debug|Any CPU
		{28B7B56A-6A32-47FF-A16F-0F7A88527B7C}.Debug|Any CPU.Build.0 = Debug|Any CPU
		{28B7B56A-6A32-47FF-A16F-0F7A88527B7C}.Debug|x64.ActiveCfg = Debug|Any CPU
		{28B7B56A-6A32-47FF-A16F-0F7A88527B7C}.Debug|x64.Build.0 = Debug|Any CPU
		{28B7B56A-6A32-47FF-A16F-0F7A88527B7C}.Debug|x86.ActiveCfg = Debug|Any CPU
		{28B7B56A-6A32-47FF-A16F-0F7A88527B7C}.Debug|x86.Build.0 = Debug|Any CPU
		{28B7B56A-6A32-47FF-A16F-0F7A88527B7C}.Release|Any CPU.ActiveCfg = Release|Any CPU
		{28B7B56A-6A32-47FF-A16F-0F7A88527B7C}.Release|Any CPU.Build.0 = Release|Any CPU
		{28B7B56A-6A32-47FF-A16F-0F7A88527B7C}.Release|x64.ActiveCfg = Release|Any CPU
		{28B7B56A-6A32-47FF-A16F-0F7A88527B7C}.Release|x64.Build.0 = Release|Any CPU
		{28B7B56A-6A32-47FF-A16F-0F7A88527B7C}.Release|x86.ActiveCfg = Release|Any CPU
		{28B7B56A-6A32-47FF-A16F-0F7A88527B7C}.Release|x86.Build.0 = Release|Any CPU
		{799D025E-3DB1-4285-A37C-98A7D51E69B8}.Debug|Any CPU.ActiveCfg = Debug|Any CPU
		{799D025E-3DB1-4285-A37C-98A7D51E69B8}.Debug|Any CPU.Build.0 = Debug|Any CPU
		{799D025E-3DB1-4285-A37C-98A7D51E69B8}.Debug|x64.ActiveCfg = Debug|Any CPU
		{799D025E-3DB1-4285-A37C-98A7D51E69B8}.Debug|x64.Build.0 = Debug|Any CPU
		{799D025E-3DB1-4285-A37C-98A7D51E69B8}.Debug|x86.ActiveCfg = Debug|Any CPU
		{799D025E-3DB1-4285-A37C-98A7D51E69B8}.Debug|x86.Build.0 = Debug|Any CPU
		{799D025E-3DB1-4285-A37C-98A7D51E69B8}.Release|Any CPU.ActiveCfg = Release|Any CPU
		{799D025E-3DB1-4285-A37C-98A7D51E69B8}.Release|Any CPU.Build.0 = Release|Any CPU
		{799D025E-3DB1-4285-A37C-98A7D51E69B8}.Release|x64.ActiveCfg = Release|Any CPU
		{799D025E-3DB1-4285-A37C-98A7D51E69B8}.Release|x64.Build.0 = Release|Any CPU
		{799D025E-3DB1-4285-A37C-98A7D51E69B8}.Release|x86.ActiveCfg = Release|Any CPU
		{799D025E-3DB1-4285-A37C-98A7D51E69B8}.Release|x86.Build.0 = Release|Any CPU
		{96E76B93-38AB-4571-9E20-577D37116229}.Debug|Any CPU.ActiveCfg = Debug|Any CPU
		{96E76B93-38AB-4571-9E20-577D37116229}.Debug|Any CPU.Build.0 = Debug|Any CPU
		{96E76B93-38AB-4571-9E20-577D37116229}.Debug|x64.ActiveCfg = Debug|Any CPU
		{96E76B93-38AB-4571-9E20-577D37116229}.Debug|x64.Build.0 = Debug|Any CPU
		{96E76B93-38AB-4571-9E20-577D37116229}.Debug|x86.ActiveCfg = Debug|Any CPU
		{96E76B93-38AB-4571-9E20-577D37116229}.Debug|x86.Build.0 = Debug|Any CPU
		{96E76B93-38AB-4571-9E20-577D37116229}.Release|Any CPU.ActiveCfg = Release|Any CPU
		{96E76B93-38AB-4571-9E20-577D37116229}.Release|Any CPU.Build.0 = Release|Any CPU
		{96E76B93-38AB-4571-9E20-577D37116229}.Release|x64.ActiveCfg = Release|Any CPU
		{96E76B93-38AB-4571-9E20-577D37116229}.Release|x64.Build.0 = Release|Any CPU
		{96E76B93-38AB-4571-9E20-577D37116229}.Release|x86.ActiveCfg = Release|Any CPU
		{96E76B93-38AB-4571-9E20-577D37116229}.Release|x86.Build.0 = Release|Any CPU
		{43C6B983-6C61-4048-9CFC-22CBB2FAB0CA}.Debug|Any CPU.ActiveCfg = Debug|Any CPU
		{43C6B983-6C61-4048-9CFC-22CBB2FAB0CA}.Debug|Any CPU.Build.0 = Debug|Any CPU
		{43C6B983-6C61-4048-9CFC-22CBB2FAB0CA}.Debug|x64.ActiveCfg = Debug|Any CPU
		{43C6B983-6C61-4048-9CFC-22CBB2FAB0CA}.Debug|x64.Build.0 = Debug|Any CPU
		{43C6B983-6C61-4048-9CFC-22CBB2FAB0CA}.Debug|x86.ActiveCfg = Debug|Any CPU
		{43C6B983-6C61-4048-9CFC-22CBB2FAB0CA}.Debug|x86.Build.0 = Debug|Any CPU
		{43C6B983-6C61-4048-9CFC-22CBB2FAB0CA}.Release|Any CPU.ActiveCfg = Release|Any CPU
		{43C6B983-6C61-4048-9CFC-22CBB2FAB0CA}.Release|Any CPU.Build.0 = Release|Any CPU
		{43C6B983-6C61-4048-9CFC-22CBB2FAB0CA}.Release|x64.ActiveCfg = Release|Any CPU
		{43C6B983-6C61-4048-9CFC-22CBB2FAB0CA}.Release|x64.Build.0 = Release|Any CPU
		{43C6B983-6C61-4048-9CFC-22CBB2FAB0CA}.Release|x86.ActiveCfg = Release|Any CPU
		{43C6B983-6C61-4048-9CFC-22CBB2FAB0CA}.Release|x86.Build.0 = Release|Any CPU
		{16B88B70-B94F-4A25-AA35-343AB4B55F1F}.Debug|Any CPU.ActiveCfg = Debug|Any CPU
		{16B88B70-B94F-4A25-AA35-343AB4B55F1F}.Debug|Any CPU.Build.0 = Debug|Any CPU
		{16B88B70-B94F-4A25-AA35-343AB4B55F1F}.Debug|x64.ActiveCfg = Debug|Any CPU
		{16B88B70-B94F-4A25-AA35-343AB4B55F1F}.Debug|x64.Build.0 = Debug|Any CPU
		{16B88B70-B94F-4A25-AA35-343AB4B55F1F}.Debug|x86.ActiveCfg = Debug|Any CPU
		{16B88B70-B94F-4A25-AA35-343AB4B55F1F}.Debug|x86.Build.0 = Debug|Any CPU
		{16B88B70-B94F-4A25-AA35-343AB4B55F1F}.Release|Any CPU.ActiveCfg = Release|Any CPU
		{16B88B70-B94F-4A25-AA35-343AB4B55F1F}.Release|Any CPU.Build.0 = Release|Any CPU
		{16B88B70-B94F-4A25-AA35-343AB4B55F1F}.Release|x64.ActiveCfg = Release|Any CPU
		{16B88B70-B94F-4A25-AA35-343AB4B55F1F}.Release|x64.Build.0 = Release|Any CPU
		{16B88B70-B94F-4A25-AA35-343AB4B55F1F}.Release|x86.ActiveCfg = Release|Any CPU
		{16B88B70-B94F-4A25-AA35-343AB4B55F1F}.Release|x86.Build.0 = Release|Any CPU
		{2CF59105-967F-4FEB-AE83-E1FE3A582B25}.Debug|Any CPU.ActiveCfg = Debug|Any CPU
		{2CF59105-967F-4FEB-AE83-E1FE3A582B25}.Debug|Any CPU.Build.0 = Debug|Any CPU
		{2CF59105-967F-4FEB-AE83-E1FE3A582B25}.Debug|x64.ActiveCfg = Debug|Any CPU
		{2CF59105-967F-4FEB-AE83-E1FE3A582B25}.Debug|x64.Build.0 = Debug|Any CPU
		{2CF59105-967F-4FEB-AE83-E1FE3A582B25}.Debug|x86.ActiveCfg = Debug|Any CPU
		{2CF59105-967F-4FEB-AE83-E1FE3A582B25}.Debug|x86.Build.0 = Debug|Any CPU
		{2CF59105-967F-4FEB-AE83-E1FE3A582B25}.Release|Any CPU.ActiveCfg = Release|Any CPU
		{2CF59105-967F-4FEB-AE83-E1FE3A582B25}.Release|Any CPU.Build.0 = Release|Any CPU
		{2CF59105-967F-4FEB-AE83-E1FE3A582B25}.Release|x64.ActiveCfg = Release|Any CPU
		{2CF59105-967F-4FEB-AE83-E1FE3A582B25}.Release|x64.Build.0 = Release|Any CPU
		{2CF59105-967F-4FEB-AE83-E1FE3A582B25}.Release|x86.ActiveCfg = Release|Any CPU
		{2CF59105-967F-4FEB-AE83-E1FE3A582B25}.Release|x86.Build.0 = Release|Any CPU
		{9DB3A4E2-CE41-4C33-93AA-A21993CFB7DF}.Debug|Any CPU.ActiveCfg = Debug|Any CPU
		{9DB3A4E2-CE41-4C33-93AA-A21993CFB7DF}.Debug|Any CPU.Build.0 = Debug|Any CPU
		{9DB3A4E2-CE41-4C33-93AA-A21993CFB7DF}.Debug|x64.ActiveCfg = Debug|Any CPU
		{9DB3A4E2-CE41-4C33-93AA-A21993CFB7DF}.Debug|x64.Build.0 = Debug|Any CPU
		{9DB3A4E2-CE41-4C33-93AA-A21993CFB7DF}.Debug|x86.ActiveCfg = Debug|Any CPU
		{9DB3A4E2-CE41-4C33-93AA-A21993CFB7DF}.Debug|x86.Build.0 = Debug|Any CPU
		{9DB3A4E2-CE41-4C33-93AA-A21993CFB7DF}.Release|Any CPU.ActiveCfg = Release|Any CPU
		{9DB3A4E2-CE41-4C33-93AA-A21993CFB7DF}.Release|Any CPU.Build.0 = Release|Any CPU
		{9DB3A4E2-CE41-4C33-93AA-A21993CFB7DF}.Release|x64.ActiveCfg = Release|Any CPU
		{9DB3A4E2-CE41-4C33-93AA-A21993CFB7DF}.Release|x64.Build.0 = Release|Any CPU
		{9DB3A4E2-CE41-4C33-93AA-A21993CFB7DF}.Release|x86.ActiveCfg = Release|Any CPU
		{9DB3A4E2-CE41-4C33-93AA-A21993CFB7DF}.Release|x86.Build.0 = Release|Any CPU
		{ED29FB40-2D23-4E14-AD9D-0F55BE0B189B}.Debug|Any CPU.ActiveCfg = Debug|Any CPU
		{ED29FB40-2D23-4E14-AD9D-0F55BE0B189B}.Debug|Any CPU.Build.0 = Debug|Any CPU
		{ED29FB40-2D23-4E14-AD9D-0F55BE0B189B}.Debug|x64.ActiveCfg = Debug|Any CPU
		{ED29FB40-2D23-4E14-AD9D-0F55BE0B189B}.Debug|x64.Build.0 = Debug|Any CPU
		{ED29FB40-2D23-4E14-AD9D-0F55BE0B189B}.Debug|x86.ActiveCfg = Debug|Any CPU
		{ED29FB40-2D23-4E14-AD9D-0F55BE0B189B}.Debug|x86.Build.0 = Debug|Any CPU
		{ED29FB40-2D23-4E14-AD9D-0F55BE0B189B}.Release|Any CPU.ActiveCfg = Release|Any CPU
		{ED29FB40-2D23-4E14-AD9D-0F55BE0B189B}.Release|Any CPU.Build.0 = Release|Any CPU
		{ED29FB40-2D23-4E14-AD9D-0F55BE0B189B}.Release|x64.ActiveCfg = Release|Any CPU
		{ED29FB40-2D23-4E14-AD9D-0F55BE0B189B}.Release|x64.Build.0 = Release|Any CPU
		{ED29FB40-2D23-4E14-AD9D-0F55BE0B189B}.Release|x86.ActiveCfg = Release|Any CPU
		{ED29FB40-2D23-4E14-AD9D-0F55BE0B189B}.Release|x86.Build.0 = Release|Any CPU
		{746938FA-78BD-4D36-A7A0-095B040AA15E}.Debug|Any CPU.ActiveCfg = Debug|Any CPU
		{746938FA-78BD-4D36-A7A0-095B040AA15E}.Debug|Any CPU.Build.0 = Debug|Any CPU
		{746938FA-78BD-4D36-A7A0-095B040AA15E}.Debug|x64.ActiveCfg = Debug|Any CPU
		{746938FA-78BD-4D36-A7A0-095B040AA15E}.Debug|x64.Build.0 = Debug|Any CPU
		{746938FA-78BD-4D36-A7A0-095B040AA15E}.Debug|x86.ActiveCfg = Debug|Any CPU
		{746938FA-78BD-4D36-A7A0-095B040AA15E}.Debug|x86.Build.0 = Debug|Any CPU
		{746938FA-78BD-4D36-A7A0-095B040AA15E}.Release|Any CPU.ActiveCfg = Release|Any CPU
		{746938FA-78BD-4D36-A7A0-095B040AA15E}.Release|Any CPU.Build.0 = Release|Any CPU
		{746938FA-78BD-4D36-A7A0-095B040AA15E}.Release|x64.ActiveCfg = Release|Any CPU
		{746938FA-78BD-4D36-A7A0-095B040AA15E}.Release|x64.Build.0 = Release|Any CPU
		{746938FA-78BD-4D36-A7A0-095B040AA15E}.Release|x86.ActiveCfg = Release|Any CPU
		{746938FA-78BD-4D36-A7A0-095B040AA15E}.Release|x86.Build.0 = Release|Any CPU
		{4C8CCEA1-66B5-43E0-B197-C8DF57A8375E}.Debug|Any CPU.ActiveCfg = Debug|Any CPU
		{4C8CCEA1-66B5-43E0-B197-C8DF57A8375E}.Debug|Any CPU.Build.0 = Debug|Any CPU
		{4C8CCEA1-66B5-43E0-B197-C8DF57A8375E}.Debug|x64.ActiveCfg = Debug|Any CPU
		{4C8CCEA1-66B5-43E0-B197-C8DF57A8375E}.Debug|x64.Build.0 = Debug|Any CPU
		{4C8CCEA1-66B5-43E0-B197-C8DF57A8375E}.Debug|x86.ActiveCfg = Debug|Any CPU
		{4C8CCEA1-66B5-43E0-B197-C8DF57A8375E}.Debug|x86.Build.0 = Debug|Any CPU
		{4C8CCEA1-66B5-43E0-B197-C8DF57A8375E}.Release|Any CPU.ActiveCfg = Release|Any CPU
		{4C8CCEA1-66B5-43E0-B197-C8DF57A8375E}.Release|Any CPU.Build.0 = Release|Any CPU
		{4C8CCEA1-66B5-43E0-B197-C8DF57A8375E}.Release|x64.ActiveCfg = Release|Any CPU
		{4C8CCEA1-66B5-43E0-B197-C8DF57A8375E}.Release|x64.Build.0 = Release|Any CPU
		{4C8CCEA1-66B5-43E0-B197-C8DF57A8375E}.Release|x86.ActiveCfg = Release|Any CPU
		{4C8CCEA1-66B5-43E0-B197-C8DF57A8375E}.Release|x86.Build.0 = Release|Any CPU
		{ACE88498-BDF6-4A5E-BBD4-84976508A7A9}.Debug|Any CPU.ActiveCfg = Debug|Any CPU
		{ACE88498-BDF6-4A5E-BBD4-84976508A7A9}.Debug|Any CPU.Build.0 = Debug|Any CPU
		{ACE88498-BDF6-4A5E-BBD4-84976508A7A9}.Debug|x64.ActiveCfg = Debug|Any CPU
		{ACE88498-BDF6-4A5E-BBD4-84976508A7A9}.Debug|x64.Build.0 = Debug|Any CPU
		{ACE88498-BDF6-4A5E-BBD4-84976508A7A9}.Debug|x86.ActiveCfg = Debug|Any CPU
		{ACE88498-BDF6-4A5E-BBD4-84976508A7A9}.Debug|x86.Build.0 = Debug|Any CPU
		{ACE88498-BDF6-4A5E-BBD4-84976508A7A9}.Release|Any CPU.ActiveCfg = Release|Any CPU
		{ACE88498-BDF6-4A5E-BBD4-84976508A7A9}.Release|Any CPU.Build.0 = Release|Any CPU
		{ACE88498-BDF6-4A5E-BBD4-84976508A7A9}.Release|x64.ActiveCfg = Release|Any CPU
		{ACE88498-BDF6-4A5E-BBD4-84976508A7A9}.Release|x64.Build.0 = Release|Any CPU
		{ACE88498-BDF6-4A5E-BBD4-84976508A7A9}.Release|x86.ActiveCfg = Release|Any CPU
		{ACE88498-BDF6-4A5E-BBD4-84976508A7A9}.Release|x86.Build.0 = Release|Any CPU
		{E92A30A9-9F42-4E6C-B3EE-87A7A05A7ABA}.Debug|Any CPU.ActiveCfg = Debug|Any CPU
		{E92A30A9-9F42-4E6C-B3EE-87A7A05A7ABA}.Debug|Any CPU.Build.0 = Debug|Any CPU
		{E92A30A9-9F42-4E6C-B3EE-87A7A05A7ABA}.Debug|x64.ActiveCfg = Debug|Any CPU
		{E92A30A9-9F42-4E6C-B3EE-87A7A05A7ABA}.Debug|x64.Build.0 = Debug|Any CPU
		{E92A30A9-9F42-4E6C-B3EE-87A7A05A7ABA}.Debug|x86.ActiveCfg = Debug|Any CPU
		{E92A30A9-9F42-4E6C-B3EE-87A7A05A7ABA}.Debug|x86.Build.0 = Debug|Any CPU
		{E92A30A9-9F42-4E6C-B3EE-87A7A05A7ABA}.Release|Any CPU.ActiveCfg = Release|Any CPU
		{E92A30A9-9F42-4E6C-B3EE-87A7A05A7ABA}.Release|Any CPU.Build.0 = Release|Any CPU
		{E92A30A9-9F42-4E6C-B3EE-87A7A05A7ABA}.Release|x64.ActiveCfg = Release|Any CPU
		{E92A30A9-9F42-4E6C-B3EE-87A7A05A7ABA}.Release|x64.Build.0 = Release|Any CPU
		{E92A30A9-9F42-4E6C-B3EE-87A7A05A7ABA}.Release|x86.ActiveCfg = Release|Any CPU
		{E92A30A9-9F42-4E6C-B3EE-87A7A05A7ABA}.Release|x86.Build.0 = Release|Any CPU
	EndGlobalSection
	GlobalSection(SolutionProperties) = preSolution
		HideSolutionNode = FALSE
	EndGlobalSection
	GlobalSection(NestedProjects) = preSolution
		{2A8FD48D-E7AB-469E-B5C1-49B0E022F667} = {DA4B1BD8-3B25-4A47-9D6A-A7A8166A2E35}
		{63B9457E-BCD8-4609-AD4A-8E43E340F427} = {DA4B1BD8-3B25-4A47-9D6A-A7A8166A2E35}
		{3C5C81B5-6758-4741-9745-A7E1FBDDDA66} = {99B8E0F9-A7EA-447E-85DD-A44C27B594E5}
		{39F2D647-0A41-4C02-A73F-766C3CB5DC33} = {9DCE2B61-C12D-446F-BAC0-174C19A9D553}
		{CEB31D51-525F-43B2-8581-3B80DE7F0618} = {442F3AB4-9294-474D-BCE4-5E6A43603271}
		{3B78C358-66C4-4951-9EC1-BFE8D9B51CC1} = {442F3AB4-9294-474D-BCE4-5E6A43603271}
		{34881973-6BDE-4574-8BC5-4CE8B6B6CAB8} = {DA4B1BD8-3B25-4A47-9D6A-A7A8166A2E35}
		{C3EB589F-F03B-487A-9B3A-C8E0FCD5ADA2} = {442F3AB4-9294-474D-BCE4-5E6A43603271}
		{99B8E0F9-A7EA-447E-85DD-A44C27B594E5} = {62BE5ADE-B9BD-44C4-9448-0E0335484D9D}
		{442F3AB4-9294-474D-BCE4-5E6A43603271} = {62BE5ADE-B9BD-44C4-9448-0E0335484D9D}
		{F33042B2-E5B8-4EAD-A3A9-665C66BB1296} = {99B8E0F9-A7EA-447E-85DD-A44C27B594E5}
		{1491C399-6F2C-4413-A62D-E7D3B851C6E5} = {62BE5ADE-B9BD-44C4-9448-0E0335484D9D}
		{D296B44A-E672-48A8-A146-FAEA0017E0A3} = {1491C399-6F2C-4413-A62D-E7D3B851C6E5}
		{F9F8BA61-0CCC-4FCB-8ED9-958023839EEF} = {E7275FE7-4684-4059-A665-9E54BFA9707F}
		{E7275FE7-4684-4059-A665-9E54BFA9707F} = {62BE5ADE-B9BD-44C4-9448-0E0335484D9D}
		{DCAEB969-583A-4040-B29C-A5F954994605} = {E7275FE7-4684-4059-A665-9E54BFA9707F}
		{8C012243-1CF5-417D-84E4-9B13B2C4F318} = {442F3AB4-9294-474D-BCE4-5E6A43603271}
		{1E490DFB-474D-4E4E-A2B6-09F229552AE9} = {99B8E0F9-A7EA-447E-85DD-A44C27B594E5}
		{C45C3BD5-01F5-4B89-AA62-6CEE2AFB42C5} = {1491C399-6F2C-4413-A62D-E7D3B851C6E5}
		{DC9613E3-354B-4E74-9EBA-301EEE140D75} = {1491C399-6F2C-4413-A62D-E7D3B851C6E5}
		{4950020F-A74C-4AE3-8434-C0C35C3B9A08} = {1ADEEC1E-C387-4B08-B02A-3F4EE1CA9D3B}
		{BD95F268-229B-423F-B04C-AB9AFA337C8D} = {1ADEEC1E-C387-4B08-B02A-3F4EE1CA9D3B}
		{79C89CA3-B932-46C0-A05D-C07FA18BE4C0} = {1ADEEC1E-C387-4B08-B02A-3F4EE1CA9D3B}
		{3D99AD9B-2282-426B-B55F-3DEC6A59866B} = {471743A0-11ED-43A9-AB78-C13848A0D0EB}
		{EC0C16D3-3FAA-400A-A2DF-109C13F789D8} = {471743A0-11ED-43A9-AB78-C13848A0D0EB}
		{DF3F87E9-7977-4257-A93E-36EA8B6585A8} = {471743A0-11ED-43A9-AB78-C13848A0D0EB}
		{471743A0-11ED-43A9-AB78-C13848A0D0EB} = {62BE5ADE-B9BD-44C4-9448-0E0335484D9D}
		{1ADEEC1E-C387-4B08-B02A-3F4EE1CA9D3B} = {62BE5ADE-B9BD-44C4-9448-0E0335484D9D}
		{9015AA91-469F-4588-A084-5B17F2EB91DD} = {E7275FE7-4684-4059-A665-9E54BFA9707F}
		{BB6D96FC-77E2-429A-BA96-A90620F941E3} = {DA4B1BD8-3B25-4A47-9D6A-A7A8166A2E35}
		{28B7B56A-6A32-47FF-A16F-0F7A88527B7C} = {45A7549F-9238-494E-8FB8-2DDE844D12AB}
		{799D025E-3DB1-4285-A37C-98A7D51E69B8} = {45A7549F-9238-494E-8FB8-2DDE844D12AB}
		{96E76B93-38AB-4571-9E20-577D37116229} = {45A7549F-9238-494E-8FB8-2DDE844D12AB}
		{45A7549F-9238-494E-8FB8-2DDE844D12AB} = {62BE5ADE-B9BD-44C4-9448-0E0335484D9D}
		{EA7BE6C8-5F05-9B65-AC66-437F402156EC} = {62BE5ADE-B9BD-44C4-9448-0E0335484D9D}
		{43C6B983-6C61-4048-9CFC-22CBB2FAB0CA} = {EA7BE6C8-5F05-9B65-AC66-437F402156EC}
		{16B88B70-B94F-4A25-AA35-343AB4B55F1F} = {EA7BE6C8-5F05-9B65-AC66-437F402156EC}
		{2CF59105-967F-4FEB-AE83-E1FE3A582B25} = {EA7BE6C8-5F05-9B65-AC66-437F402156EC}
		{D017F5CD-2523-D1C7-7249-0213A9B86C38} = {62BE5ADE-B9BD-44C4-9448-0E0335484D9D}
		{9DB3A4E2-CE41-4C33-93AA-A21993CFB7DF} = {D017F5CD-2523-D1C7-7249-0213A9B86C38}
		{ED29FB40-2D23-4E14-AD9D-0F55BE0B189B} = {D017F5CD-2523-D1C7-7249-0213A9B86C38}
		{746938FA-78BD-4D36-A7A0-095B040AA15E} = {D017F5CD-2523-D1C7-7249-0213A9B86C38}
		{6641A3B4-A6B4-7EFF-6B7B-325AE97719DD} = {62BE5ADE-B9BD-44C4-9448-0E0335484D9D}
		{4C8CCEA1-66B5-43E0-B197-C8DF57A8375E} = {6641A3B4-A6B4-7EFF-6B7B-325AE97719DD}
		{ACE88498-BDF6-4A5E-BBD4-84976508A7A9} = {6641A3B4-A6B4-7EFF-6B7B-325AE97719DD}
		{E92A30A9-9F42-4E6C-B3EE-87A7A05A7ABA} = {6641A3B4-A6B4-7EFF-6B7B-325AE97719DD}
	EndGlobalSection
	GlobalSection(ExtensibilityGlobals) = postSolution
		SolutionGuid = {6A5C458F-FABD-4AEE-BA45-0A1378350F77}
	EndGlobalSection
EndGlobal
